# DO NOT EDIT MANUALLY - Managed by Fern Replay
version: "1.0"
generations:
  - commit_sha: a6aa79e190ad7e959492dffd06522ed464c28020
    tree_hash: 3ee7aa615731e621fc94806a508e32cb6c7598f9
    timestamp: 2026-09-16T19:30:43.369Z
    cli_version: unknown
    generator_versions: {}
current_generation: a6aa79e190ad7e959492dffd06522ed464c28020
patches: []
