# DO NOT EDIT MANUALLY - Managed by Fern Replay
version: "1.0"
generations:
  - commit_sha: 0166ec9ea81f4c0403a2dd42490d53dc1a07aef4
    tree_hash: 3afe9d6561a27881fa76f79dd8f714803fa7627f
    timestamp: 2026-09-17T08:46:19.375Z
    cli_version: unknown
    generator_versions: {}
  - commit_sha: 2691814f11f08b0f1559f7dc905dad607b204bac
    tree_hash: a7c8ee17ea6c17a098ab8f0d3b85424d99ad595d
    timestamp: 2026-09-17T08:46:19.659Z
    cli_version: unknown
    generator_versions:
      fernapi/fern-typescript-sdk: 3.94.2
current_generation: 2691814f11f08b0f1559f7dc905dad607b204bac
patches: []
